
Microsoft Visual Studio Solution File, Format Version 12.00
# Visual Studio Version 17
VisualStudioVersion = 17.1.32210.238
MinimumVisualStudioVersion = 10.0.40219.1
Project("{8BC9CEB8-8B4A-11D0-8D11-00A0C91BC942}") = "XEngine_MQServiceApp", "XEngine_MQServiceApp\XEngine_MQServiceApp.vcxproj", "{34C9695F-7097-412F-ACC2-A3979A91D776}"
	ProjectSection(ProjectDependencies) = postProject
		{32D3FC68-6252-4D20-BB07-6C98BD753D11} = {32D3FC68-6252-4D20-BB07-6C98BD753D11}
		{4B061F8B-A783-45EA-A8D1-78F9668C49D2} = {4B061F8B-A783-45EA-A8D1-78F9668C49D2}
		{5475F316-F9E9-4FF5-95ED-F7C9474709A3} = {5475F316-F9E9-4FF5-95ED-F7C9474709A3}
		{77321E0D-15DB-4C6E-8872-115CBBE41F27} = {77321E0D-15DB-4C6E-8872-115CBBE41F27}
		{8C55D3E0-FEC2-4A6C-A374-651516ED8F99} = {8C55D3E0-FEC2-4A6C-A374-651516ED8F99}
		{A8E43EC0-698A-4807-8A61-B2BE5FAB7256} = {A8E43EC0-698A-4807-8A61-B2BE5FAB7256}
		{B0EB2A7A-53C1-4E9F-A851-19539099671C} = {B0EB2A7A-53C1-4E9F-A851-19539099671C}
		{E1087BA3-1074-4C6A-B770-A53B7BA1F4EA} = {E1087BA3-1074-4C6A-B770-A53B7BA1F4EA}
		{E17E889F-D826-413F-854E-DBA6000B4DA7} = {E17E889F-D826-413F-854E-DBA6000B4DA7}
		{F1736B3F-03A2-4FC7-B045-A12BA8D724FB} = {F1736B3F-03A2-4FC7-B045-A12BA8D724FB}
		{F6520D2C-BB8E-45BB-964B-F5D6A4318A89} = {F6520D2C-BB8E-45BB-964B-F5D6A4318A89}
	EndProjectSection
EndProject
Project("{8BC9CEB8-8B4A-11D0-8D11-00A0C91BC942}") = "MQCore_ConfigModule", "MQCore_ConfigModule\MQCore_ConfigModule.vcxproj", "{32D3FC68-6252-4D20-BB07-6C98BD753D11}"
	ProjectSection(ProjectDependencies) = postProject
		{F1736B3F-03A2-4FC7-B045-A12BA8D724FB} = {F1736B3F-03A2-4FC7-B045-A12BA8D724FB}
	EndProjectSection
EndProject
Project("{8BC9CEB8-8B4A-11D0-8D11-00A0C91BC942}") = "MQCore_ProtocolModule", "MQCore_ProtocolModule\MQCore_ProtocolModule.vcxproj", "{B0EB2A7A-53C1-4E9F-A851-19539099671C}"
	ProjectSection(ProjectDependencies) = postProject
		{F1736B3F-03A2-4FC7-B045-A12BA8D724FB} = {F1736B3F-03A2-4FC7-B045-A12BA8D724FB}
	EndProjectSection
EndProject
Project("{8BC9CEB8-8B4A-11D0-8D11-00A0C91BC942}") = "MQCore_SessionModule", "MQCore_SessionModule\MQCore_SessionModule.vcxproj", "{77321E0D-15DB-4C6E-8872-115CBBE41F27}"
EndProject
Project("{2150E333-8FDC-42A3-9474-1A3956D46DE8}") = "MQCore_Hdr", "MQCore_Hdr", "{3A9FE48B-7FD1-4D02-8ED7-7521DC469765}"
	ProjectSection(SolutionItems) = preProject
		XQueue_ProtocolHdr.h = XQueue_ProtocolHdr.h
	EndProjectSection
EndProject
Project("{8BC9CEB8-8B4A-11D0-8D11-00A0C91BC942}") = "MQCore_DBModule", "MQCore_DBModule\MQCore_DBModule.vcxproj", "{5475F316-F9E9-4FF5-95ED-F7C9474709A3}"
	ProjectSection(ProjectDependencies) = postProject
		{8C55D3E0-FEC2-4A6C-A374-651516ED8F99} = {8C55D3E0-FEC2-4A6C-A374-651516ED8F99}
	EndProjectSection
EndProject
Project("{2150E333-8FDC-42A3-9474-1A3956D46DE8}") = "XEngine_DependLibrary", "XEngine_DependLibrary", "{BAC91AAE-D438-4999-9541-EB8804B12F0C}"
EndProject
Project("{8BC9CEB8-8B4A-11D0-8D11-00A0C91BC942}") = "MQCore_MemoryCache", "MQCore_MemoryCache\MQCore_MemoryCache.vcxproj", "{8C55D3E0-FEC2-4A6C-A374-651516ED8F99}"
EndProject
Project("{8BC9CEB8-8B4A-11D0-8D11-00A0C91BC942}") = "MQCore_HelpModule", "MQCore_HelpModule\MQCore_HelpModule.vcxproj", "{4B061F8B-A783-45EA-A8D1-78F9668C49D2}"
EndProject
Project("{8BC9CEB8-8B4A-11D0-8D11-00A0C91BC942}") = "jsoncpp", "XEngine_DependLibrary\XEngine_Module\jsoncpp\jsoncpp.vcxproj", "{F1736B3F-03A2-4FC7-B045-A12BA8D724FB}"
EndProject
Project("{8BC9CEB8-8B4A-11D0-8D11-00A0C91BC942}") = "XEngine_InfoReport", "XEngine_DependLibrary\XEngine_Module\XEngine_InfoReport\XEngine_InfoReport.vcxproj", "{F6520D2C-BB8E-45BB-964B-F5D6A4318A89}"
	ProjectSection(ProjectDependencies) = postProject
		{F1736B3F-03A2-4FC7-B045-A12BA8D724FB} = {F1736B3F-03A2-4FC7-B045-A12BA8D724FB}
	EndProjectSection
EndProject
Project("{8BC9CEB8-8B4A-11D0-8D11-00A0C91BC942}") = "XEngine_Token", "XEngine_DependLibrary\XEngine_Module\XEngine_Token\XEngine_Token.vcxproj", "{E17E889F-D826-413F-854E-DBA6000B4DA7}"
	ProjectSection(ProjectDependencies) = postProject
		{F1736B3F-03A2-4FC7-B045-A12BA8D724FB} = {F1736B3F-03A2-4FC7-B045-A12BA8D724FB}
	EndProjectSection
EndProject
Project("{8BC9CEB8-8B4A-11D0-8D11-00A0C91BC942}") = "XEngine_Verification", "XEngine_DependLibrary\XEngine_Module\XEngine_Verification\XEngine_Verification.vcxproj", "{A8E43EC0-698A-4807-8A61-B2BE5FAB7256}"
	ProjectSection(ProjectDependencies) = postProject
		{F1736B3F-03A2-4FC7-B045-A12BA8D724FB} = {F1736B3F-03A2-4FC7-B045-A12BA8D724FB}
	EndProjectSection
EndProject
Project("{8BC9CEB8-8B4A-11D0-8D11-00A0C91BC942}") = "XEngine_MSGNotify", "XEngine_DependLibrary\XEngine_Module\XEngine_MSGNotify\XEngine_MSGNotify.vcxproj", "{E1087BA3-1074-4C6A-B770-A53B7BA1F4EA}"
	ProjectSection(ProjectDependencies) = postProject
		{F1736B3F-03A2-4FC7-B045-A12BA8D724FB} = {F1736B3F-03A2-4FC7-B045-A12BA8D724FB}
	EndProjectSection
EndProject
Global
	GlobalSection(SolutionConfigurationPlatforms) = preSolution
		Debug|ARM64 = Debug|ARM64
		Debug|x64 = Debug|x64
		Debug|x86 = Debug|x86
		Release|ARM64 = Release|ARM64
		Release|x64 = Release|x64
		Release|x86 = Release|x86
	EndGlobalSection
	GlobalSection(ProjectConfigurationPlatforms) = postSolution
		{34C9695F-7097-412F-ACC2-A3979A91D776}.Debug|ARM64.ActiveCfg = Debug|ARM64
		{34C9695F-7097-412F-ACC2-A3979A91D776}.Debug|ARM64.Build.0 = Debug|ARM64
		{34C9695F-7097-412F-ACC2-A3979A91D776}.Debug|x64.ActiveCfg = Debug|x64
		{34C9695F-7097-412F-ACC2-A3979A91D776}.Debug|x64.Build.0 = Debug|x64
		{34C9695F-7097-412F-ACC2-A3979A91D776}.Debug|x86.ActiveCfg = Debug|Win32
		{34C9695F-7097-412F-ACC2-A3979A91D776}.Debug|x86.Build.0 = Debug|Win32
		{34C9695F-7097-412F-ACC2-A3979A91D776}.Release|ARM64.ActiveCfg = Release|ARM64
		{34C9695F-7097-412F-ACC2-A3979A91D776}.Release|ARM64.Build.0 = Release|ARM64
		{34C9695F-7097-412F-ACC2-A3979A91D776}.Release|x64.ActiveCfg = Release|x64
		{34C9695F-7097-412F-ACC2-A3979A91D776}.Release|x64.Build.0 = Release|x64
		{34C9695F-7097-412F-ACC2-A3979A91D776}.Release|x86.ActiveCfg = Release|Win32
		{34C9695F-7097-412F-ACC2-A3979A91D776}.Release|x86.Build.0 = Release|Win32
		{32D3FC68-6252-4D20-BB07-6C98BD753D11}.Debug|ARM64.ActiveCfg = Debug|ARM64
		{32D3FC68-6252-4D20-BB07-6C98BD753D11}.Debug|ARM64.Build.0 = Debug|ARM64
		{32D3FC68-6252-4D20-BB07-6C98BD753D11}.Debug|x64.ActiveCfg = Debug|x64
		{32D3FC68-6252-4D20-BB07-6C98BD753D11}.Debug|x64.Build.0 = Debug|x64
		{32D3FC68-6252-4D20-BB07-6C98BD753D11}.Debug|x86.ActiveCfg = Debug|Win32
		{32D3FC68-6252-4D20-BB07-6C98BD753D11}.Debug|x86.Build.0 = Debug|Win32
		{32D3FC68-6252-4D20-BB07-6C98BD753D11}.Release|ARM64.ActiveCfg = Release|ARM64
		{32D3FC68-6252-4D20-BB07-6C98BD753D11}.Release|ARM64.Build.0 = Release|ARM64
		{32D3FC68-6252-4D20-BB07-6C98BD753D11}.Release|x64.ActiveCfg = Release|x64
		{32D3FC68-6252-4D20-BB07-6C98BD753D11}.Release|x64.Build.0 = Release|x64
		{32D3FC68-6252-4D20-BB07-6C98BD753D11}.Release|x86.ActiveCfg = Release|Win32
		{32D3FC68-6252-4D20-BB07-6C98BD753D11}.Release|x86.Build.0 = Release|Win32
		{B0EB2A7A-53C1-4E9F-A851-19539099671C}.Debug|ARM64.ActiveCfg = Debug|ARM64
		{B0EB2A7A-53C1-4E9F-A851-19539099671C}.Debug|ARM64.Build.0 = Debug|ARM64
		{B0EB2A7A-53C1-4E9F-A851-19539099671C}.Debug|x64.ActiveCfg = Debug|x64
		{B0EB2A7A-53C1-4E9F-A851-19539099671C}.Debug|x64.Build.0 = Debug|x64
		{B0EB2A7A-53C1-4E9F-A851-19539099671C}.Debug|x86.ActiveCfg = Debug|Win32
		{B0EB2A7A-53C1-4E9F-A851-19539099671C}.Debug|x86.Build.0 = Debug|Win32
		{B0EB2A7A-53C1-4E9F-A851-19539099671C}.Release|ARM64.ActiveCfg = Release|ARM64
		{B0EB2A7A-53C1-4E9F-A851-19539099671C}.Release|ARM64.Build.0 = Release|ARM64
		{B0EB2A7A-53C1-4E9F-A851-19539099671C}.Release|x64.ActiveCfg = Release|x64
		{B0EB2A7A-53C1-4E9F-A851-19539099671C}.Release|x64.Build.0 = Release|x64
		{B0EB2A7A-53C1-4E9F-A851-19539099671C}.Release|x86.ActiveCfg = Release|Win32
		{B0EB2A7A-53C1-4E9F-A851-19539099671C}.Release|x86.Build.0 = Release|Win32
		{77321E0D-15DB-4C6E-8872-115CBBE41F27}.Debug|ARM64.ActiveCfg = Debug|ARM64
		{77321E0D-15DB-4C6E-8872-115CBBE41F27}.Debug|ARM64.Build.0 = Debug|ARM64
		{77321E0D-15DB-4C6E-8872-115CBBE41F27}.Debug|x64.ActiveCfg = Debug|x64
		{77321E0D-15DB-4C6E-8872-115CBBE41F27}.Debug|x64.Build.0 = Debug|x64
		{77321E0D-15DB-4C6E-8872-115CBBE41F27}.Debug|x86.ActiveCfg = Debug|Win32
		{77321E0D-15DB-4C6E-8872-115CBBE41F27}.Debug|x86.Build.0 = Debug|Win32
		{77321E0D-15DB-4C6E-8872-115CBBE41F27}.Release|ARM64.ActiveCfg = Release|ARM64
		{77321E0D-15DB-4C6E-8872-115CBBE41F27}.Release|ARM64.Build.0 = Release|ARM64
		{77321E0D-15DB-4C6E-8872-115CBBE41F27}.Release|x64.ActiveCfg = Release|x64
		{77321E0D-15DB-4C6E-8872-115CBBE41F27}.Release|x64.Build.0 = Release|x64
		{77321E0D-15DB-4C6E-8872-115CBBE41F27}.Release|x86.ActiveCfg = Release|Win32
		{77321E0D-15DB-4C6E-8872-115CBBE41F27}.Release|x86.Build.0 = Release|Win32
		{5475F316-F9E9-4FF5-95ED-F7C9474709A3}.Debug|ARM64.ActiveCfg = Debug|ARM64
		{5475F316-F9E9-4FF5-95ED-F7C9474709A3}.Debug|ARM64.Build.0 = Debug|ARM64
		{5475F316-F9E9-4FF5-95ED-F7C9474709A3}.Debug|x64.ActiveCfg = Debug|x64
		{5475F316-F9E9-4FF5-95ED-F7C9474709A3}.Debug|x64.Build.0 = Debug|x64
		{5475F316-F9E9-4FF5-95ED-F7C9474709A3}.Debug|x86.ActiveCfg = Debug|Win32
		{5475F316-F9E9-4FF5-95ED-F7C9474709A3}.Debug|x86.Build.0 = Debug|Win32
		{5475F316-F9E9-4FF5-95ED-F7C9474709A3}.Release|ARM64.ActiveCfg = Release|ARM64
		{5475F316-F9E9-4FF5-95ED-F7C9474709A3}.Release|ARM64.Build.0 = Release|ARM64
		{5475F316-F9E9-4FF5-95ED-F7C9474709A3}.Release|x64.ActiveCfg = Release|x64
		{5475F316-F9E9-4FF5-95ED-F7C9474709A3}.Release|x64.Build.0 = Release|x64
		{5475F316-F9E9-4FF5-95ED-F7C9474709A3}.Release|x86.ActiveCfg = Release|Win32
		{5475F316-F9E9-4FF5-95ED-F7C9474709A3}.Release|x86.Build.0 = Release|Win32
		{8C55D3E0-FEC2-4A6C-A374-651516ED8F99}.Debug|ARM64.ActiveCfg = Debug|ARM64
		{8C55D3E0-FEC2-4A6C-A374-651516ED8F99}.Debug|ARM64.Build.0 = Debug|ARM64
		{8C55D3E0-FEC2-4A6C-A374-651516ED8F99}.Debug|x64.ActiveCfg = Debug|x64
		{8C55D3E0-FEC2-4A6C-A374-651516ED8F99}.Debug|x64.Build.0 = Debug|x64
		{8C55D3E0-FEC2-4A6C-A374-651516ED8F99}.Debug|x86.ActiveCfg = Debug|Win32
		{8C55D3E0-FEC2-4A6C-A374-651516ED8F99}.Debug|x86.Build.0 = Debug|Win32
		{8C55D3E0-FEC2-4A6C-A374-651516ED8F99}.Release|ARM64.ActiveCfg = Release|ARM64
		{8C55D3E0-FEC2-4A6C-A374-651516ED8F99}.Release|ARM64.Build.0 = Release|ARM64
		{8C55D3E0-FEC2-4A6C-A374-651516ED8F99}.Release|x64.ActiveCfg = Release|x64
		{8C55D3E0-FEC2-4A6C-A374-651516ED8F99}.Release|x64.Build.0 = Release|x64
		{8C55D3E0-FEC2-4A6C-A374-651516ED8F99}.Release|x86.ActiveCfg = Release|Win32
		{8C55D3E0-FEC2-4A6C-A374-651516ED8F99}.Release|x86.Build.0 = Release|Win32
		{4B061F8B-A783-45EA-A8D1-78F9668C49D2}.Debug|ARM64.ActiveCfg = Debug|ARM64
		{4B061F8B-A783-45EA-A8D1-78F9668C49D2}.Debug|ARM64.Build.0 = Debug|ARM64
		{4B061F8B-A783-45EA-A8D1-78F9668C49D2}.Debug|x64.ActiveCfg = Debug|x64
		{4B061F8B-A783-45EA-A8D1-78F9668C49D2}.Debug|x64.Build.0 = Debug|x64
		{4B061F8B-A783-45EA-A8D1-78F9668C49D2}.Debug|x86.ActiveCfg = Debug|Win32
		{4B061F8B-A783-45EA-A8D1-78F9668C49D2}.Debug|x86.Build.0 = Debug|Win32
		{4B061F8B-A783-45EA-A8D1-78F9668C49D2}.Release|ARM64.ActiveCfg = Release|ARM64
		{4B061F8B-A783-45EA-A8D1-78F9668C49D2}.Release|ARM64.Build.0 = Release|ARM64
		{4B061F8B-A783-45EA-A8D1-78F9668C49D2}.Release|x64.ActiveCfg = Release|x64
		{4B061F8B-A783-45EA-A8D1-78F9668C49D2}.Release|x64.Build.0 = Release|x64
		{4B061F8B-A783-45EA-A8D1-78F9668C49D2}.Release|x86.ActiveCfg = Release|Win32
		{4B061F8B-A783-45EA-A8D1-78F9668C49D2}.Release|x86.Build.0 = Release|Win32
		{F1736B3F-03A2-4FC7-B045-A12BA8D724FB}.Debug|ARM64.ActiveCfg = Debug|ARM64
		{F1736B3F-03A2-4FC7-B045-A12BA8D724FB}.Debug|ARM64.Build.0 = Debug|ARM64
		{F1736B3F-03A2-4FC7-B045-A12BA8D724FB}.Debug|x64.ActiveCfg = Debug|x64
		{F1736B3F-03A2-4FC7-B045-A12BA8D724FB}.Debug|x64.Build.0 = Debug|x64
		{F1736B3F-03A2-4FC7-B045-A12BA8D724FB}.Debug|x86.ActiveCfg = Debug|Win32
		{F1736B3F-03A2-4FC7-B045-A12BA8D724FB}.Debug|x86.Build.0 = Debug|Win32
		{F1736B3F-03A2-4FC7-B045-A12BA8D724FB}.Release|ARM64.ActiveCfg = Release|ARM64
		{F1736B3F-03A2-4FC7-B045-A12BA8D724FB}.Release|ARM64.Build.0 = Release|ARM64
		{F1736B3F-03A2-4FC7-B045-A12BA8D724FB}.Release|x64.ActiveCfg = Release|x64
		{F1736B3F-03A2-4FC7-B045-A12BA8D724FB}.Release|x64.Build.0 = Release|x64
		{F1736B3F-03A2-4FC7-B045-A12BA8D724FB}.Release|x86.ActiveCfg = Release|Win32
		{F1736B3F-03A2-4FC7-B045-A12BA8D724FB}.Release|x86.Build.0 = Release|Win32
		{F6520D2C-BB8E-45BB-964B-F5D6A4318A89}.Debug|ARM64.ActiveCfg = Debug|ARM64
		{F6520D2C-BB8E-45BB-964B-F5D6A4318A89}.Debug|ARM64.Build.0 = Debug|ARM64
		{F6520D2C-BB8E-45BB-964B-F5D6A4318A89}.Debug|x64.ActiveCfg = Debug|x64
		{F6520D2C-BB8E-45BB-964B-F5D6A4318A89}.Debug|x64.Build.0 = Debug|x64
		{F6520D2C-BB8E-45BB-964B-F5D6A4318A89}.Debug|x86.ActiveCfg = Debug|Win32
		{F6520D2C-BB8E-45BB-964B-F5D6A4318A89}.Debug|x86.Build.0 = Debug|Win32
		{F6520D2C-BB8E-45BB-964B-F5D6A4318A89}.Release|ARM64.ActiveCfg = Release|ARM64
		{F6520D2C-BB8E-45BB-964B-F5D6A4318A89}.Release|ARM64.Build.0 = Release|ARM64
		{F6520D2C-BB8E-45BB-964B-F5D6A4318A89}.Release|x64.ActiveCfg = Release|x64
		{F6520D2C-BB8E-45BB-964B-F5D6A4318A89}.Release|x64.Build.0 = Release|x64
		{F6520D2C-BB8E-45BB-964B-F5D6A4318A89}.Release|x86.ActiveCfg = Release|Win32
		{F6520D2C-BB8E-45BB-964B-F5D6A4318A89}.Release|x86.Build.0 = Release|Win32
		{E17E889F-D826-413F-854E-DBA6000B4DA7}.Debug|ARM64.ActiveCfg = Debug|ARM64
		{E17E889F-D826-413F-854E-DBA6000B4DA7}.Debug|ARM64.Build.0 = Debug|ARM64
		{E17E889F-D826-413F-854E-DBA6000B4DA7}.Debug|x64.ActiveCfg = Debug|x64
		{E17E889F-D826-413F-854E-DBA6000B4DA7}.Debug|x64.Build.0 = Debug|x64
		{E17E889F-D826-413F-854E-DBA6000B4DA7}.Debug|x86.ActiveCfg = Debug|Win32
		{E17E889F-D826-413F-854E-DBA6000B4DA7}.Debug|x86.Build.0 = Debug|Win32
		{E17E889F-D826-413F-854E-DBA6000B4DA7}.Release|ARM64.ActiveCfg = Release|ARM64
		{E17E889F-D826-413F-854E-DBA6000B4DA7}.Release|ARM64.Build.0 = Release|ARM64
		{E17E889F-D826-413F-854E-DBA6000B4DA7}.Release|x64.ActiveCfg = Release|x64
		{E17E889F-D826-413F-854E-DBA6000B4DA7}.Release|x64.Build.0 = Release|x64
		{E17E889F-D826-413F-854E-DBA6000B4DA7}.Release|x86.ActiveCfg = Release|Win32
		{E17E889F-D826-413F-854E-DBA6000B4DA7}.Release|x86.Build.0 = Release|Win32
		{A8E43EC0-698A-4807-8A61-B2BE5FAB7256}.Debug|ARM64.ActiveCfg = Debug|ARM64
		{A8E43EC0-698A-4807-8A61-B2BE5FAB7256}.Debug|ARM64.Build.0 = Debug|ARM64
		{A8E43EC0-698A-4807-8A61-B2BE5FAB7256}.Debug|x64.ActiveCfg = Debug|x64
		{A8E43EC0-698A-4807-8A61-B2BE5FAB7256}.Debug|x64.Build.0 = Debug|x64
		{A8E43EC0-698A-4807-8A61-B2BE5FAB7256}.Debug|x86.ActiveCfg = Debug|Win32
		{A8E43EC0-698A-4807-8A61-B2BE5FAB7256}.Debug|x86.Build.0 = Debug|Win32
		{A8E43EC0-698A-4807-8A61-B2BE5FAB7256}.Release|ARM64.ActiveCfg = Release|ARM64
		{A8E43EC0-698A-4807-8A61-B2BE5FAB7256}.Release|ARM64.Build.0 = Release|ARM64
		{A8E43EC0-698A-4807-8A61-B2BE5FAB7256}.Release|x64.ActiveCfg = Release|x64
		{A8E43EC0-698A-4807-8A61-B2BE5FAB7256}.Release|x64.Build.0 = Release|x64
		{A8E43EC0-698A-4807-8A61-B2BE5FAB7256}.Release|x86.ActiveCfg = Release|Win32
		{A8E43EC0-698A-4807-8A61-B2BE5FAB7256}.Release|x86.Build.0 = Release|Win32
		{E1087BA3-1074-4C6A-B770-A53B7BA1F4EA}.Debug|ARM64.ActiveCfg = Debug|ARM64
		{E1087BA3-1074-4C6A-B770-A53B7BA1F4EA}.Debug|ARM64.Build.0 = Debug|ARM64
		{E1087BA3-1074-4C6A-B770-A53B7BA1F4EA}.Debug|x64.ActiveCfg = Debug|x64
		{E1087BA3-1074-4C6A-B770-A53B7BA1F4EA}.Debug|x64.Build.0 = Debug|x64
		{E1087BA3-1074-4C6A-B770-A53B7BA1F4EA}.Debug|x86.ActiveCfg = Debug|Win32
		{E1087BA3-1074-4C6A-B770-A53B7BA1F4EA}.Debug|x86.Build.0 = Debug|Win32
		{E1087BA3-1074-4C6A-B770-A53B7BA1F4EA}.Release|ARM64.ActiveCfg = Release|ARM64
		{E1087BA3-1074-4C6A-B770-A53B7BA1F4EA}.Release|ARM64.Build.0 = Release|ARM64
		{E1087BA3-1074-4C6A-B770-A53B7BA1F4EA}.Release|x64.ActiveCfg = Release|x64
		{E1087BA3-1074-4C6A-B770-A53B7BA1F4EA}.Release|x64.Build.0 = Release|x64
		{E1087BA3-1074-4C6A-B770-A53B7BA1F4EA}.Release|x86.ActiveCfg = Release|Win32
		{E1087BA3-1074-4C6A-B770-A53B7BA1F4EA}.Release|x86.Build.0 = Release|Win32
	EndGlobalSection
	GlobalSection(SolutionProperties) = preSolution
		HideSolutionNode = FALSE
	EndGlobalSection
	GlobalSection(NestedProjects) = preSolution
		{F1736B3F-03A2-4FC7-B045-A12BA8D724FB} = {BAC91AAE-D438-4999-9541-EB8804B12F0C}
		{F6520D2C-BB8E-45BB-964B-F5D6A4318A89} = {BAC91AAE-D438-4999-9541-EB8804B12F0C}
		{E17E889F-D826-413F-854E-DBA6000B4DA7} = {BAC91AAE-D438-4999-9541-EB8804B12F0C}
		{A8E43EC0-698A-4807-8A61-B2BE5FAB7256} = {BAC91AAE-D438-4999-9541-EB8804B12F0C}
		{E1087BA3-1074-4C6A-B770-A53B7BA1F4EA} = {BAC91AAE-D438-4999-9541-EB8804B12F0C}
	EndGlobalSection
	GlobalSection(ExtensibilityGlobals) = postSolution
		SolutionGuid = {EFADBBBD-43B1-4B9B-9DD8-04415EBEFDA7}
	EndGlobalSection
EndGlobal
